
Microsoft Visual Studio Solution File, Format Version 12.00
# Visual Studio 15
VisualStudioVersion = 15.0.27130.2036
MinimumVisualStudioVersion = 10.0.40219.1
Project("{FAE04EC0-301F-11D3-BF4B-00C04F79EFBC}") = "VMeshConverter", "jsonEditorTestApp\VMeshConverter.csproj", "{06BC8289-8E6B-4EE7-80FF-B4971F545A06}"
EndProject
Global
	GlobalSection(SolutionConfigurationPlatforms) = preSolution
		Debug|Any CPU = Debug|Any CPU
		Release|Any CPU = Release|Any CPU
	EndGlobalSection
	GlobalSection(ProjectConfigurationPlatforms) = postSolution
		{06BC8289-8E6B-4EE7-80FF-B4971F545A06}.Debug|Any CPU.ActiveCfg = Debug|Any CPU
		{06BC8289-8E6B-4EE7-80FF-B4971F545A06}.Debug|Any CPU.Build.0 = Debug|Any CPU
		{06BC8289-8E6B-4EE7-80FF-B4971F545A06}.Release|Any CPU.ActiveCfg = Release|Any CPU
		{06BC8289-8E6B-4EE7-80FF-B4971F545A06}.Release|Any CPU.Build.0 = Release|Any CPU
	EndGlobalSection
	GlobalSection(SolutionProperties) = preSolution
		HideSolutionNode = FALSE
	EndGlobalSection
	GlobalSection(ExtensibilityGlobals) = postSolution
		SolutionGuid = {45EA6044-A310-4F03-AC1C-D7C2E4654379}
	EndGlobalSection
EndGlobal
